
Microsoft Visual Studio Solution File, Format Version 12.00
# Visual Studio Version 16
		Release|Any CPU = Release|Any CPU
	EndGlobalSection
	GlobalSection(ProjectConfigurationPlatforms) = postSolution
		{197FB8AA-4788-409A-9E88-5AE69BFF2000}.Debug|Any CPU.ActiveCfg = Debug|Any CPU
		{197FB8AA-4788-409A-9E88-5AE69BFF2000}.Debug|Any CPU.Build.0 = Debug|Any CPU
		{197FB8AA-4788-409A-9E88-5AE69BFF2000}.Release|Any CPU.ActiveCfg = Release|Any CPU
		{197FB8AA-4788-409A-9E88-5AE69BFF2000}.Release|Any CPU.Build.0 = Release|Any CPU
	EndGlobalSection
	GlobalSection(SolutionProperties) = preSolution
		HideSolutionNode = FALSE
	EndGlobalSection
	GlobalSection(ExtensibilityGlobals) = postSolution
		SolutionGuid = {0F5F39C9-340A-4BC9-907E-C73AFD5B066C}
	EndGlobalSection
EndGlobal
